// !$*UTF8*$!
{
	archiveVersion = 1;
	classes = {
	};
	objectVersion = 46;
	objects = {

/* Begin PBXBuildFile section */
		B00E7984192980240046F5B8 /* Foundation.framework in Frameworks */ = {isa = PBXBuildFile; fileRef = B00E7983192980240046F5B8 /* Foundation.framework */; };
		B00E7986192980240046F5B8 /* CoreGraphics.framework in Frameworks */ = {isa = PBXBuildFile; fileRef = B00E7985192980240046F5B8 /* CoreGraphics.framework */; };
		B00E7988192980240046F5B8 /* UIKit.framework in Frameworks */ = {isa = PBXBuildFile; fileRef = B00E7987192980240046F5B8 /* UIKit.framework */; };
		B00E798E192980240046F5B8 /* InfoPlist.strings in Resources */ = {isa = PBXBuildFile; fileRef = B00E798C192980240046F5B8 /* InfoPlist.strings */; };
		B00E7990192980240046F5B8 /* main.m in Sources */ = {isa = PBXBuildFile; fileRef = B00E798F192980240046F5B8 /* main.m */; };
		B00E7994192980240046F5B8 /* HouseWorkAppDelegate.m in Sources */ = {isa = PBXBuildFile; fileRef = B00E7993192980240046F5B8 /* HouseWorkAppDelegate.m */; };
		B00E7996192980240046F5B8 /* Images.xcassets in Resources */ = {isa = PBXBuildFile; fileRef = B00E7995192980240046F5B8 /* Images.xcassets */; };
		B00E799D192980240046F5B8 /* XCTest.framework in Frameworks */ = {isa = PBXBuildFile; fileRef = B00E799C192980240046F5B8 /* XCTest.framework */; };
		B00E799E192980240046F5B8 /* Foundation.framework in Frameworks */ = {isa = PBXBuildFile; fileRef = B00E7983192980240046F5B8 /* Foundation.framework */; };
		B00E799F192980240046F5B8 /* UIKit.framework in Frameworks */ = {isa = PBXBuildFile; fileRef = B00E7987192980240046F5B8 /* UIKit.framework */; };
		B00E79A7192980240046F5B8 /* InfoPlist.strings in Resources */ = {isa = PBXBuildFile; fileRef = B00E79A5192980240046F5B8 /* InfoPlist.strings */; };
		B00E79A9192980240046F5B8 /* HouseWorkTests.m in Sources */ = {isa = PBXBuildFile; fileRef = B00E79A8192980240046F5B8 /* HouseWorkTests.m */; };
		B020B2C4192C5ADF0091685E /* Main.storyboard in Resources */ = {isa = PBXBuildFile; fileRef = B020B2C3192C5ADF0091685E /* Main.storyboard */; };
		B041C98B192EDBE70042FEA8 /* HouseWorkAddToDoItemViewController.m in Sources */ = {isa = PBXBuildFile; fileRef = B041C98A192EDBE70042FEA8 /* HouseWorkAddToDoItemViewController.m */; };
		B041C98E192EDCEA0042FEA8 /* HouseWorkToDoListTableViewController.m in Sources */ = {isa = PBXBuildFile; fileRef = B041C98D192EDCEA0042FEA8 /* HouseWorkToDoListTableViewController.m */; };
		B041C991192EE7F30042FEA8 /* HouseWorkToDoItem.m in Sources */ = {isa = PBXBuildFile; fileRef = B041C990192EE7F30042FEA8 /* HouseWorkToDoItem.m */; };
/* End PBXBuildFile section */

/* Begin PBXContainerItemProxy section */
		B00E79A0192980240046F5B8 /* PBXContainerItemProxy */ = {
			isa = PBXContainerItemProxy;
			containerPortal = B00E7978192980240046F5B8 /* Project object */;
			proxyType = 1;
			remoteGlobalIDString = B00E797F192980240046F5B8;
			remoteInfo = HouseWork;
		};
/* End PBXContainerItemProxy section */

/* Begin PBXFileReference section */
		B00E7980192980240046F5B8 /* HouseWork.app */ = {isa = PBXFileReference; explicitFileType = wrapper.application; includeInIndex = 0; path = HouseWork.app; sourceTree = BUILT_PRODUCTS_DIR; };
		B00E7983192980240046F5B8 /* Foundation.framework */ = {isa = PBXFileReference; lastKnownFileType = wrapper.framework; name = Foundation.framework; path = System/Library/Frameworks/Foundation.framework; sourceTree = SDKROOT; };
		B00E7985192980240046F5B8 /* CoreGraphics.framework */ = {isa = PBXFileReference; lastKnownFileType = wrapper.framework; name = CoreGraphics.framework; path = System/Library/Frameworks/CoreGraphics.framework; sourceTree = SDKROOT; };
		B00E7987192980240046F5B8 /* UIKit.framework */ = {isa = PBXFileReference; lastKnownFileType = wrapper.framework; name = UIKit.framework; path = System/Library/Frameworks/UIKit.framework; sourceTree = SDKROOT; };
		B00E798B192980240046F5B8 /* HouseWork-Info.plist */ = {isa = PBXFileReference; lastKnownFileType = text.plist.xml; path = "HouseWork-Info.plist"; sourceTree = "<group>"; };
		B00E798D192980240046F5B8 /* en */ = {isa = PBXFileReference; lastKnownFileType = text.plist.strings; name = en; path = en.lproj/InfoPlist.strings; sourceTree = "<group>"; };
		B00E798F192980240046F5B8 /* main.m */ = {isa = PBXFileReference; lastKnownFileType = sourcecode.c.objc; path = main.m; sourceTree = "<group>"; };
		B00E7991192980240046F5B8 /* HouseWork-Prefix.pch */ = {isa = PBXFileReference; lastKnownFileType = sourcecode.c.h; path = "HouseWork-Prefix.pch"; sourceTree = "<group>"; };
		B00E7992192980240046F5B8 /* HouseWorkAppDelegate.h */ = {isa = PBXFileReference; lastKnownFileType = sourcecode.c.h; path = HouseWorkAppDelegate.h; sourceTree = "<group>"; };
		B00E7993192980240046F5B8 /* HouseWorkAppDelegate.m */ = {isa = PBXFileReference; lastKnownFileType = sourcecode.c.objc; path = HouseWorkAppDelegate.m; sourceTree = "<group>"; };
		B00E7995192980240046F5B8 /* Images.xcassets */ = {isa = PBXFileReference; lastKnownFileType = folder.assetcatalog; path = Images.xcassets; sourceTree = "<group>"; };
		B00E799B192980240046F5B8 /* HouseWorkTests.xctest */ = {isa = PBXFileReference; explicitFileType = wrapper.cfbundle; includeInIndex = 0; path = HouseWorkTests.xctest; sourceTree = BUILT_PRODUCTS_DIR; };
		B00E799C192980240046F5B8 /* XCTest.framework */ = {isa = PBXFileReference; lastKnownFileType = wrapper.framework; name = XCTest.framework; path = Library/Frameworks/XCTest.framework; sourceTree = DEVELOPER_DIR; };
		B00E79A4192980240046F5B8 /* HouseWorkTests-Info.plist */ = {isa = PBXFileReference; lastKnownFileType = text.plist.xml; path = "HouseWorkTests-Info.plist"; sourceTree = "<group>"; };
		B00E79A6192980240046F5B8 /* en */ = {isa = PBXFileReference; lastKnownFileType = text.plist.strings; name = en; path = en.lproj/InfoPlist.strings; sourceTree = "<group>"; };
		B00E79A8192980240046F5B8 /* HouseWorkTests.m */ = {isa = PBXFileReference; lastKnownFileType = sourcecode.c.objc; path = HouseWorkTests.m; sourceTree = "<group>"; };
		B020B2C3192C5ADF0091685E /* Main.storyboard */ = {isa = PBXFileReference; fileEncoding = 4; lastKnownFileType = file.storyboard; path = Main.storyboard; sourceTree = "<group>"; };
		B041C989192EDBE70042FEA8 /* HouseWorkAddToDoItemViewController.h */ = {isa = PBXFileReference; fileEncoding = 4; lastKnownFileType = sourcecode.c.h; path = HouseWorkAddToDoItemViewController.h; sourceTree = "<group>"; };
		B041C98A192EDBE70042FEA8 /* HouseWorkAddToDoItemViewController.m */ = {isa = PBXFileReference; fileEncoding = 4; lastKnownFileType = sourcecode.c.objc; path = HouseWorkAddToDoItemViewController.m; sourceTree = "<group>"; };
		B041C98C192EDCEA0042FEA8 /* HouseWorkToDoListTableViewController.h */ = {isa = PBXFileReference; fileEncoding = 4; lastKnownFileType = sourcecode.c.h; path = HouseWorkToDoListTableViewController.h; sourceTree = "<group>"; };
		B041C98D192EDCEA0042FEA8 /* HouseWorkToDoListTableViewController.m */ = {isa = PBXFileReference; fileEncoding = 4; lastKnownFileType = sourcecode.c.objc; path = HouseWorkToDoListTableViewController.m; sourceTree = "<group>"; };
		B041C98F192EE7F30042FEA8 /* HouseWorkToDoItem.h */ = {isa = PBXFileReference; fileEncoding = 4; lastKnownFileType = sourcecode.c.h; path = HouseWorkToDoItem.h; sourceTree = "<group>"; };
		B041C990192EE7F30042FEA8 /* HouseWorkToDoItem.m */ = {isa = PBXFileReference; fileEncoding = 4; lastKnownFileType = sourcecode.c.objc; path = HouseWorkToDoItem.m; sourceTree = "<group>"; };
/* End PBXFileReference section */

/* Begin PBXFrameworksBuildPhase section */
		B00E797D192980240046F5B8 /* Frameworks */ = {
			isa = PBXFrameworksBuildPhase;
			buildActionMask = 2147483647;
			files = (
				B00E7986192980240046F5B8 /* CoreGraphics.framework in Frameworks */,
				B00E7988192980240046F5B8 /* UIKit.framework in Frameworks */,
				B00E7984192980240046F5B8 /* Foundation.framework in Frameworks */,
			);
			runOnlyForDeploymentPostprocessing = 0;
		};
		B00E7998192980240046F5B8 /* Frameworks */ = {
			isa = PBXFrameworksBuildPhase;
			buildActionMask = 2147483647;
			files = (
				B00E799D192980240046F5B8 /* XCTest.framework in Frameworks */,
				B00E799F192980240046F5B8 /* UIKit.framework in Frameworks */,
				B00E799E192980240046F5B8 /* Foundation.framework in Frameworks */,
			);
			runOnlyForDeploymentPostprocessing = 0;
		};
/* End PBXFrameworksBuildPhase section */

/* Begin PBXGroup section */
		B00E7977192980240046F5B8 = {
			isa = PBXGroup;
			children = (
				B00E7989192980240046F5B8 /* HouseWork */,
				B00E79A2192980240046F5B8 /* HouseWorkTests */,
				B00E7982192980240046F5B8 /* Frameworks */,
				B00E7981192980240046F5B8 /* Products */,
			);
			sourceTree = "<group>";
		};
		B00E7981192980240046F5B8 /* Products */ = {
			isa = PBXGroup;
			children = (
				B00E7980192980240046F5B8 /* HouseWork.app */,
				B00E799B192980240046F5B8 /* HouseWorkTests.xctest */,
			);
			name = Products;
			sourceTree = "<group>";
		};
		B00E7982192980240046F5B8 /* Frameworks */ = {
			isa = PBXGroup;
			children = (
				B00E7983192980240046F5B8 /* Foundation.framework */,
				B00E7985192980240046F5B8 /* CoreGraphics.framework */,
				B00E7987192980240046F5B8 /* UIKit.framework */,
				B00E799C192980240046F5B8 /* XCTest.framework */,
			);
			name = Frameworks;
			sourceTree = "<group>";
		};
		B00E7989192980240046F5B8 /* HouseWork */ = {
			isa = PBXGroup;
			children = (
				B00E7992192980240046F5B8 /* HouseWorkAppDelegate.h */,
				B00E7993192980240046F5B8 /* HouseWorkAppDelegate.m */,
				B020B2C3192C5ADF0091685E /* Main.storyboard */,
				B041C98C192EDCEA0042FEA8 /* HouseWorkToDoListTableViewController.h */,
				B041C98D192EDCEA0042FEA8 /* HouseWorkToDoListTableViewController.m */,
				B041C98F192EE7F30042FEA8 /* HouseWorkToDoItem.h */,
				B041C990192EE7F30042FEA8 /* HouseWorkToDoItem.m */,
				B041C989192EDBE70042FEA8 /* HouseWorkAddToDoItemViewController.h */,
				B041C98A192EDBE70042FEA8 /* HouseWorkAddToDoItemViewController.m */,
				B00E7995192980240046F5B8 /* Images.xcassets */,
				B00E798A192980240046F5B8 /* Supporting Files */,
			);
			path = HouseWork;
			sourceTree = "<group>";
		};
		B00E798A192980240046F5B8 /* Supporting Files */ = {
			isa = PBXGroup;
			children = (
				B00E798B192980240046F5B8 /* HouseWork-Info.plist */,
				B00E798C192980240046F5B8 /* InfoPlist.strings */,
				B00E798F192980240046F5B8 /* main.m */,
				B00E7991192980240046F5B8 /* HouseWork-Prefix.pch */,
			);
			name = "Supporting Files";
			sourceTree = "<group>";
		};
		B00E79A2192980240046F5B8 /* HouseWorkTests */ = {
			isa = PBXGroup;
			children = (
				B00E79A8192980240046F5B8 /* HouseWorkTests.m */,
				B00E79A3192980240046F5B8 /* Supporting Files */,
			);
			path = HouseWorkTests;
			sourceTree = "<group>";
		};
		B00E79A3192980240046F5B8 /* Supporting Files */ = {
			isa = PBXGroup;
			children = (
				B00E79A4192980240046F5B8 /* HouseWorkTests-Info.plist */,
				B00E79A5192980240046F5B8 /* InfoPlist.strings */,
			);
			name = "Supporting Files";
			sourceTree = "<group>";
		};
/* End PBXGroup section */

/* Begin PBXNativeTarget section */
		B00E797F192980240046F5B8 /* HouseWork */ = {
			isa = PBXNativeTarget;
			buildConfigurationList = B00E79AC192980240046F5B8 /* Build configuration list for PBXNativeTarget "HouseWork" */;
			buildPhases = (
				B00E797C192980240046F5B8 /* Sources */,
				B00E797D192980240046F5B8 /* Frameworks */,
				B00E797E192980240046F5B8 /* Resources */,
			);
			buildRules = (
			);
			dependencies = (
			);
			name = HouseWork;
			productName = HouseWork;
			productReference = B00E7980192980240046F5B8 /* HouseWork.app */;
			productType = "com.apple.product-type.application";
		};
		B00E799A192980240046F5B8 /* HouseWorkTests */ = {
			isa = PBXNativeTarget;
			buildConfigurationList = B00E79AF192980240046F5B8 /* Build configuration list for PBXNativeTarget "HouseWorkTests" */;
			buildPhases = (
				B00E7997192980240046F5B8 /* Sources */,
				B00E7998192980240046F5B8 /* Frameworks */,
				B00E7999192980240046F5B8 /* Resources */,
			);
			buildRules = (
			);
			dependencies = (
				B00E79A1192980240046F5B8 /* PBXTargetDependency */,
			);
			name = HouseWorkTests;
			productName = HouseWorkTests;
			productReference = B00E799B192980240046F5B8 /* HouseWorkTests.xctest */;
			productType = "com.apple.product-type.bundle.unit-test";
		};
/* End PBXNativeTarget section */

/* Begin PBXProject section */
		B00E7978192980240046F5B8 /* Project object */ = {
			isa = PBXProject;
			attributes = {
				CLASSPREFIX = HouseWork;
				LastUpgradeCheck = 0510;
				ORGANIZATIONNAME = EngineLab;
				TargetAttributes = {
					B00E799A192980240046F5B8 = {
						TestTargetID = B00E797F192980240046F5B8;
					};
				};
			};
			buildConfigurationList = B00E797B192980240046F5B8 /* Build configuration list for PBXProject "HouseWork" */;
			compatibilityVersion = "Xcode 3.2";
			developmentRegion = English;
			hasScannedForEncodings = 0;
			knownRegions = (
				en,
			);
			mainGroup = B00E7977192980240046F5B8;
			productRefGroup = B00E7981192980240046F5B8 /* Products */;
			projectDirPath = "";
			projectRoot = "";
			targets = (
				B00E797F192980240046F5B8 /* HouseWork */,
				B00E799A192980240046F5B8 /* HouseWorkTests */,
			);
		};
/* End PBXProject section */

/* Begin PBXResourcesBuildPhase section */
		B00E797E192980240046F5B8 /* Resources */ = {
			isa = PBXResourcesBuildPhase;
			buildActionMask = 2147483647;
			files = (
				B020B2C4192C5ADF0091685E /* Main.storyboard in Resources */,
				B00E798E192980240046F5B8 /* InfoPlist.strings in Resources */,
				B00E7996192980240046F5B8 /* Images.xcassets in Resources */,
			);
			runOnlyForDeploymentPostprocessing = 0;
		};
		B00E7999192980240046F5B8 /* Resources */ = {
			isa = PBXResourcesBuildPhase;
			buildActionMask = 2147483647;
			files = (
				B00E79A7192980240046F5B8 /* InfoPlist.strings in Resources */,
			);
			runOnlyForDeploymentPostprocessing = 0;
		};
/* End PBXResourcesBuildPhase section */

/* Begin PBXSourcesBuildPhase section */
		B00E797C192980240046F5B8 /* Sources */ = {
			isa = PBXSourcesBuildPhase;
			buildActionMask = 2147483647;
			files = (
				B041C991192EE7F30042FEA8 /* HouseWorkToDoItem.m in Sources */,
				B041C98B192EDBE70042FEA8 /* HouseWorkAddToDoItemViewController.m in Sources */,
				B041C98E192EDCEA0042FEA8 /* HouseWorkToDoListTableViewController.m in Sources */,
				B00E7994192980240046F5B8 /* HouseWorkAppDelegate.m in Sources */,
				B00E7990192980240046F5B8 /* main.m in Sources */,
			);
			runOnlyForDeploymentPostprocessing = 0;
		};
		B00E7997192980240046F5B8 /* Sources */ = {
			isa = PBXSourcesBuildPhase;
			buildActionMask = 2147483647;
			files = (
				B00E79A9192980240046F5B8 /* HouseWorkTests.m in Sources */,
			);
			runOnlyForDeploymentPostprocessing = 0;
		};
/* End PBXSourcesBuildPhase section */

/* Begin PBXTargetDependency section */
		B00E79A1192980240046F5B8 /* PBXTargetDependency */ = {
			isa = PBXTargetDependency;
			target = B00E797F192980240046F5B8 /* HouseWork */;
			targetProxy = B00E79A0192980240046F5B8 /* PBXContainerItemProxy */;
		};
/* End PBXTargetDependency section */

/* Begin PBXVariantGroup section */
		B00E798C192980240046F5B8 /* InfoPlist.strings */ = {
			isa = PBXVariantGroup;
			children = (
				B00E798D192980240046F5B8 /* en */,
			);
			name = InfoPlist.strings;
			sourceTree = "<group>";
		};
		B00E79A5192980240046F5B8 /* InfoPlist.strings */ = {
			isa = PBXVariantGroup;
			children = (
				B00E79A6192980240046F5B8 /* en */,
			);
			name = InfoPlist.strings;
			sourceTree = "<group>";
		};
/* End PBXVariantGroup section */

/* Begin XCBuildConfiguration section */
		B00E79AA192980240046F5B8 /* Debug */ = {
			isa = XCBuildConfiguration;
			buildSettings = {
				ALWAYS_SEARCH_USER_PATHS = NO;
				CLANG_CXX_LANGUAGE_STANDARD = "gnu++0x";
				CLANG_CXX_LIBRARY = "libc++";
				CLANG_ENABLE_MODULES = YES;
				CLANG_ENABLE_OBJC_ARC = YES;
				CLANG_WARN_BOOL_CONVERSION = YES;
				CLANG_WARN_CONSTANT_CONVERSION = YES;
				CLANG_WARN_DIRECT_OBJC_ISA_USAGE = YES_ERROR;
				CLANG_WARN_EMPTY_BODY = YES;
				CLANG_WARN_ENUM_CONVERSION = YES;
				CLANG_WARN_INT_CONVERSION = YES;
				CLANG_WARN_OBJC_ROOT_CLASS = YES_ERROR;
				CLANG_WARN__DUPLICATE_METHOD_MATCH = YES;
				"CODE_SIGN_IDENTITY[sdk=iphoneos*]" = "iPhone Developer";
				COPY_PHASE_STRIP = NO;
				GCC_C_LANGUAGE_STANDARD = gnu99;
				GCC_DYNAMIC_NO_PIC = NO;
				GCC_OPTIMIZATION_LEVEL = 0;
				GCC_PREPROCESSOR_DEFINITIONS = (
					"DEBUG=1",
					"$(inherited)",
				);
				GCC_SYMBOLS_PRIVATE_EXTERN = NO;
				GCC_WARN_64_TO_32_BIT_CONVERSION = YES;
				GCC_WARN_ABOUT_RETURN_TYPE = YES_ERROR;
				GCC_WARN_UNDECLARED_SELECTOR = YES;
				GCC_WARN_UNINITIALIZED_AUTOS = YES_AGGRESSIVE;
				GCC_WARN_UNUSED_FUNCTION = YES;
				GCC_WARN_UNUSED_VARIABLE = YES;
				IPHONEOS_DEPLOYMENT_TARGET = 7.1;
				ONLY_ACTIVE_ARCH = YES;
				SDKROOT = iphoneos;
			};
			name = Debug;
		};
		B00E79AB192980240046F5B8 /* Release */ = {
			isa = XCBuildConfiguration;
			buildSettings = {
				ALWAYS_SEARCH_USER_PATHS = NO;
				CLANG_CXX_LANGUAGE_STANDARD = "gnu++0x";
				CLANG_CXX_LIBRARY = "libc++";
				CLANG_ENABLE_MODULES = YES;
				CLANG_ENABLE_OBJC_ARC = YES;
				CLANG_WARN_BOOL_CONVERSION = YES;
				CLANG_WARN_CONSTANT_CONVERSION = YES;
				CLANG_WARN_DIRECT_OBJC_ISA_USAGE = YES_ERROR;
				CLANG_WARN_EMPTY_BODY = YES;
				CLANG_WARN_ENUM_CONVERSION = YES;
				CLANG_WARN_INT_CONVERSION = YES;
				CLANG_WARN_OBJC_ROOT_CLASS = YES_ERROR;
				CLANG_WARN__DUPLICATE_METHOD_MATCH = YES;
				"CODE_SIGN_IDENTITY[sdk=iphoneos*]" = "iPhone Developer";
				COPY_PHASE_STRIP = YES;
				ENABLE_NS_ASSERTIONS = NO;
				GCC_C_LANGUAGE_STANDARD = gnu99;
				GCC_WARN_64_TO_32_BIT_CONVERSION = YES;
				GCC_WARN_ABOUT_RETURN_TYPE = YES_ERROR;
				GCC_WARN_UNDECLARED_SELECTOR = YES;
				GCC_WARN_UNINITIALIZED_AUTOS = YES_AGGRESSIVE;
				GCC_WARN_UNUSED_FUNCTION = YES;
				GCC_WARN_UNUSED_VARIABLE = YES;
				IPHONEOS_DEPLOYMENT_TARGET = 7.1;
				SDKROOT = iphoneos;
				VALIDATE_PRODUCT = YES;
			};
			name = Release;
		};
		B00E79AD192980240046F5B8 /* Debug */ = {
			isa = XCBuildConfiguration;
			buildSettings = {
				ASSETCATALOG_COMPILER_APPICON_NAME = AppIcon;
				ASSETCATALOG_COMPILER_LAUNCHIMAGE_NAME = LaunchImage;
				GCC_PRECOMPILE_PREFIX_HEADER = YES;
				GCC_PREFIX_HEADER = "HouseWork/HouseWork-Prefix.pch";
				INFOPLIST_FILE = "HouseWork/HouseWork-Info.plist";
				PRODUCT_NAME = "$(TARGET_NAME)";
				WRAPPER_EXTENSION = app;
			};
			name = Debug;
		};
		B00E79AE192980240046F5B8 /* Release */ = {
			isa = XCBuildConfiguration;
			buildSettings = {
				ASSETCATALOG_COMPILER_APPICON_NAME = AppIcon;
				ASSETCATALOG_COMPILER_LAUNCHIMAGE_NAME = LaunchImage;
				GCC_PRECOMPILE_PREFIX_HEADER = YES;
				GCC_PREFIX_HEADER = "HouseWork/HouseWork-Prefix.pch";
				INFOPLIST_FILE = "HouseWork/HouseWork-Info.plist";
				PRODUCT_NAME = "$(TARGET_NAME)";
				WRAPPER_EXTENSION = app;
			};
			name = Release;
		};
		B00E79B0192980240046F5B8 /* Debug */ = {
			isa = XCBuildConfiguration;
			buildSettings = {
				BUNDLE_LOADER = "$(BUILT_PRODUCTS_DIR)/HouseWork.app/HouseWork";
				FRAMEWORK_SEARCH_PATHS = (
					"$(SDKROOT)/Developer/Library/Frameworks",
					"$(inherited)",
					"$(DEVELOPER_FRAMEWORKS_DIR)",
				);
				GCC_PRECOMPILE_PREFIX_HEADER = YES;
				GCC_PREFIX_HEADER = "HouseWork/HouseWork-Prefix.pch";
				GCC_PREPROCESSOR_DEFINITIONS = (
					"DEBUG=1",
					"$(inherited)",
				);
				INFOPLIST_FILE = "HouseWorkTests/HouseWorkTests-Info.plist";
				PRODUCT_NAME = "$(TARGET_NAME)";
				TEST_HOST = "$(BUNDLE_LOADER)";
				WRAPPER_EXTENSION = xctest;
			};
			name = Debug;
		};
		B00E79B1192980240046F5B8 /* Release */ = {
			isa = XCBuildConfiguration;
			buildSettings = {
				BUNDLE_LOADER = "$(BUILT_PRODUCTS_DIR)/HouseWork.app/HouseWork";
				FRAMEWORK_SEARCH_PATHS = (
					"$(SDKROOT)/Developer/Library/Frameworks",
					"$(inherited)",
					"$(DEVELOPER_FRAMEWORKS_DIR)",
				);
				GCC_PRECOMPILE_PREFIX_HEADER = YES;
				GCC_PREFIX_HEADER = "HouseWork/HouseWork-Prefix.pch";
				INFOPLIST_FILE = "HouseWorkTests/HouseWorkTests-Info.plist";
				PRODUCT_NAME = "$(TARGET_NAME)";
				TEST_HOST = "$(BUNDLE_LOADER)";
				WRAPPER_EXTENSION = xctest;
			};
			name = Release;
		};
/* End XCBuildConfiguration section */

/* Begin XCConfigurationList section */
		B00E797B192980240046F5B8 /* Build configuration list for PBXProject "HouseWork" */ = {
			isa = XCConfigurationList;
			buildConfigurations = (
				B00E79AA192980240046F5B8 /* Debug */,
				B00E79AB192980240046F5B8 /* Release */,
			);
			defaultConfigurationIsVisible = 0;
			defaultConfigurationName = Release;
		};
		B00E79AC192980240046F5B8 /* Build configuration list for PBXNativeTarget "HouseWork" */ = {
			isa = XCConfigurationList;
			buildConfigurations = (
				B00E79AD192980240046F5B8 /* Debug */,
				B00E79AE192980240046F5B8 /* Release */,
			);
			defaultConfigurationIsVisible = 0;
			defaultConfigurationName = Release;
		};
		B00E79AF192980240046F5B8 /* Build configuration list for PBXNativeTarget "HouseWorkTests" */ = {
			isa = XCConfigurationList;
			buildConfigurations = (
				B00E79B0192980240046F5B8 /* Debug */,
				B00E79B1192980240046F5B8 /* Release */,
			);
			defaultConfigurationIsVisible = 0;
			defaultConfigurationName = Release;
		};
/* End XCConfigurationList section */
	};
	rootObject = B00E7978192980240046F5B8 /* Project object */;
}
